
Microsoft Visual Studio Solution File, Format Version 12.00
# Visual Studio 15
VisualStudioVersion = 15.0.27004.2002
MinimumVisualStudioVersion = 10.0.40219.1
Project("{8BC9CEB8-8B4A-11D0-8D11-00A0C91BC942}") = "Chap4Exa1", "Chap4Exa1\Chap4Exa1.vcxproj", "{70033AA7-6B52-4DE9-B169-CD3537D360EC}"
EndProject
Global
	GlobalSection(SolutionConfigurationPlatforms) = preSolution
		Debug|x64 = Debug|x64
		Debug|x86 = Debug|x86
		Release|x64 = Release|x64
		Release|x86 = Release|x86
	EndGlobalSection
	GlobalSection(ProjectConfigurationPlatforms) = postSolution
		{70033AA7-6B52-4DE9-B169-CD3537D360EC}.Debug|x64.ActiveCfg = Debug|x64
		{70033AA7-6B52-4DE9-B169-CD3537D360EC}.Debug|x64.Build.0 = Debug|x64
		{70033AA7-6B52-4DE9-B169-CD3537D360EC}.Debug|x86.ActiveCfg = Debug|Win32
		{70033AA7-6B52-4DE9-B169-CD3537D360EC}.Debug|x86.Build.0 = Debug|Win32
		{70033AA7-6B52-4DE9-B169-CD3537D360EC}.Release|x64.ActiveCfg = Release|x64
		{70033AA7-6B52-4DE9-B169-CD3537D360EC}.Release|x64.Build.0 = Release|x64
		{70033AA7-6B52-4DE9-B169-CD3537D360EC}.Release|x86.ActiveCfg = Release|Win32
		{70033AA7-6B52-4DE9-B169-CD3537D360EC}.Release|x86.Build.0 = Release|Win32
	EndGlobalSection
	GlobalSection(SolutionProperties) = preSolution
		HideSolutionNode = FALSE
	EndGlobalSection
	GlobalSection(ExtensibilityGlobals) = postSolution
		SolutionGuid = {28A74BF1-8895-4E88-B4E8-1825D9702479}
	EndGlobalSection
EndGlobal
